
Microsoft Visual Studio Solution File, Format Version 12.00
# Visual Studio 15
Project("{FAE04EC0-301F-11D3-BF4B-00C04F79EFBC}") = "Oculus.Platform", "Oculus.Platform.csproj", "{CA96B6D7-2B91-7957-03C2-D9822148F161}"
EndProject
Project("{FAE04EC0-301F-11D3-BF4B-00C04F79EFBC}") = "Assembly-CSharp", "Assembly-CSharp.csproj", "{CA2F4BD6-6CE8-C3D1-D371-040ADA31C5FF}"
EndProject
Project("{FAE04EC0-301F-11D3-BF4B-00C04F79EFBC}") = "Oculus.Spatializer", "Oculus.Spatializer.csproj", "{7AB0CDC6-6E39-752A-11DB-F3734D8CC681}"
EndProject
Project("{FAE04EC0-301F-11D3-BF4B-00C04F79EFBC}") = "Facebook.WitAI", "Facebook.WitAI.csproj", "{216ADF86-A7D2-498D-5888-7F773185AD23}"
EndProject
Project("{FAE04EC0-301F-11D3-BF4B-00C04F79EFBC}") = "Oculus.AudioManager", "Oculus.AudioManager.csproj", "{94ED1429-0EDA-6693-BE8F-801BBDDFF8CB}"
EndProject
Project("{FAE04EC0-301F-11D3-BF4B-00C04F79EFBC}") = "Oculus.VR", "Oculus.VR.csproj", "{45917D2C-E536-C071-B61B-3A14E52DA454}"
EndProject
Project("{FAE04EC0-301F-11D3-BF4B-00C04F79EFBC}") = "VoiceSDK.Runtime", "VoiceSDK.Runtime.csproj", "{345A5AAF-2F3D-3569-8C9E-EA846C34AE55}"
EndProject
Project("{FAE04EC0-301F-11D3-BF4B-00C04F79EFBC}") = "AssistantCoreSDKRuntime", "AssistantCoreSDKRuntime.csproj", "{F4A98F15-63F3-9114-1E8A-721FD95CB34B}"
EndProject
Project("{FAE04EC0-301F-11D3-BF4B-00C04F79EFBC}") = "Oculus.LipSync", "Oculus.LipSync.csproj", "{D6FF0F3B-B04E-A112-8AD7-C6ED30594505}"
EndProject
Project("{FAE04EC0-301F-11D3-BF4B-00C04F79EFBC}") = "Oculus.Platform.Editor", "Oculus.Platform.Editor.csproj", "{1B6465D9-8D35-C877-B8EF-520B69C24DD8}"
EndProject
Project("{FAE04EC0-301F-11D3-BF4B-00C04F79EFBC}") = "Oculus.AudioManager.Audio.Editor", "Oculus.AudioManager.Audio.Editor.csproj", "{E5661670-9CE9-42FE-9074-767930BD12E5}"
EndProject
Project("{FAE04EC0-301F-11D3-BF4B-00C04F79EFBC}") = "Oculus.VR.Scripts.Editor", "Oculus.VR.Scripts.Editor.csproj", "{E4A5F8E3-8801-6A6D-C0DD-DA49264F2FE1}"
EndProject
Project("{FAE04EC0-301F-11D3-BF4B-00C04F79EFBC}") = "Facebook.Wit.Editor", "Facebook.Wit.Editor.csproj", "{4DB4F607-2E7A-C2A8-EBAA-9EB72C90F87B}"
EndProject
Project("{FAE04EC0-301F-11D3-BF4B-00C04F79EFBC}") = "Oculus.Spatializer.Editor", "Oculus.Spatializer.Editor.csproj", "{3C320E29-1991-B1C9-3FE1-2C6D22A6DE91}"
EndProject
Project("{FAE04EC0-301F-11D3-BF4B-00C04F79EFBC}") = "Oculus.VR.Editor", "Oculus.VR.Editor.csproj", "{329C1468-ABB1-D722-6809-30C0CA3C01F9}"
EndProject
Project("{FAE04EC0-301F-11D3-BF4B-00C04F79EFBC}") = "Oculus.LipSync.Editor", "Oculus.LipSync.Editor.csproj", "{194337D9-4195-0D9A-FF94-18243BA82B8A}"
EndProject
Project("{FAE04EC0-301F-11D3-BF4B-00C04F79EFBC}") = "Assembly-CSharp-Editor", "Assembly-CSharp-Editor.csproj", "{EB0B44FA-5F11-8B2D-3438-10872199B28C}"
EndProject
Project("{FAE04EC0-301F-11D3-BF4B-00C04F79EFBC}") = "VoiceSDK.Editor", "VoiceSDK.Editor.csproj", "{51D0B3DD-0DF1-1004-B812-B6F62BB437CD}"
EndProject
Project("{FAE04EC0-301F-11D3-BF4B-00C04F79EFBC}") = "AssistantCoreSDKEditor", "AssistantCoreSDKEditor.csproj", "{89F5759E-06AC-6312-FA1C-C2FEE81C4B50}"
EndProject
Project("{FAE04EC0-301F-11D3-BF4B-00C04F79EFBC}") = "Oculus.AudioManager.Utils.Editor", "Oculus.AudioManager.Utils.Editor.csproj", "{01F6FB9D-7229-6B86-5636-899050F41B89}"
EndProject
Global
	GlobalSection(SolutionConfigurationPlatforms) = preSolution
		Debug|Any CPU = Debug|Any CPU
		Release|Any CPU = Release|Any CPU
	EndGlobalSection
	GlobalSection(ProjectConfigurationPlatforms) = postSolution
		{CA96B6D7-2B91-7957-03C2-D9822148F161}.Debug|Any CPU.ActiveCfg = Debug|Any CPU
		{CA96B6D7-2B91-7957-03C2-D9822148F161}.Debug|Any CPU.Build.0 = Debug|Any CPU
		{CA96B6D7-2B91-7957-03C2-D9822148F161}.Release|Any CPU.ActiveCfg = Release|Any CPU
		{CA96B6D7-2B91-7957-03C2-D9822148F161}.Release|Any CPU.Build.0 = Release|Any CPU
		{CA2F4BD6-6CE8-C3D1-D371-040ADA31C5FF}.Debug|Any CPU.ActiveCfg = Debug|Any CPU
		{CA2F4BD6-6CE8-C3D1-D371-040ADA31C5FF}.Debug|Any CPU.Build.0 = Debug|Any CPU
		{CA2F4BD6-6CE8-C3D1-D371-040ADA31C5FF}.Release|Any CPU.ActiveCfg = Release|Any CPU
		{CA2F4BD6-6CE8-C3D1-D371-040ADA31C5FF}.Release|Any CPU.Build.0 = Release|Any CPU
		{7AB0CDC6-6E39-752A-11DB-F3734D8CC681}.Debug|Any CPU.ActiveCfg = Debug|Any CPU
		{7AB0CDC6-6E39-752A-11DB-F3734D8CC681}.Debug|Any CPU.Build.0 = Debug|Any CPU
		{7AB0CDC6-6E39-752A-11DB-F3734D8CC681}.Release|Any CPU.ActiveCfg = Release|Any CPU
		{7AB0CDC6-6E39-752A-11DB-F3734D8CC681}.Release|Any CPU.Build.0 = Release|Any CPU
		{216ADF86-A7D2-498D-5888-7F773185AD23}.Debug|Any CPU.ActiveCfg = Debug|Any CPU
		{216ADF86-A7D2-498D-5888-7F773185AD23}.Debug|Any CPU.Build.0 = Debug|Any CPU
		{216ADF86-A7D2-498D-5888-7F773185AD23}.Release|Any CPU.ActiveCfg = Release|Any CPU
		{216ADF86-A7D2-498D-5888-7F773185AD23}.Release|Any CPU.Build.0 = Release|Any CPU
		{94ED1429-0EDA-6693-BE8F-801BBDDFF8CB}.Debug|Any CPU.ActiveCfg = Debug|Any CPU
		{94ED1429-0EDA-6693-BE8F-801BBDDFF8CB}.Debug|Any CPU.Build.0 = Debug|Any CPU
		{94ED1429-0EDA-6693-BE8F-801BBDDFF8CB}.Release|Any CPU.ActiveCfg = Release|Any CPU
		{94ED1429-0EDA-6693-BE8F-801BBDDFF8CB}.Release|Any CPU.Build.0 = Release|Any CPU
		{45917D2C-E536-C071-B61B-3A14E52DA454}.Debug|Any CPU.ActiveCfg = Debug|Any CPU
		{45917D2C-E536-C071-B61B-3A14E52DA454}.Debug|Any CPU.Build.0 = Debug|Any CPU
		{45917D2C-E536-C071-B61B-3A14E52DA454}.Release|Any CPU.ActiveCfg = Release|Any CPU
		{45917D2C-E536-C071-B61B-3A14E52DA454}.Release|Any CPU.Build.0 = Release|Any CPU
		{345A5AAF-2F3D-3569-8C9E-EA846C34AE55}.Debug|Any CPU.ActiveCfg = Debug|Any CPU
		{345A5AAF-2F3D-3569-8C9E-EA846C34AE55}.Debug|Any CPU.Build.0 = Debug|Any CPU
		{345A5AAF-2F3D-3569-8C9E-EA846C34AE55}.Release|Any CPU.ActiveCfg = Release|Any CPU
		{345A5AAF-2F3D-3569-8C9E-EA846C34AE55}.Release|Any CPU.Build.0 = Release|Any CPU
		{F4A98F15-63F3-9114-1E8A-721FD95CB34B}.Debug|Any CPU.ActiveCfg = Debug|Any CPU
		{F4A98F15-63F3-9114-1E8A-721FD95CB34B}.Debug|Any CPU.Build.0 = Debug|Any CPU
		{F4A98F15-63F3-9114-1E8A-721FD95CB34B}.Release|Any CPU.ActiveCfg = Release|Any CPU
		{F4A98F15-63F3-9114-1E8A-721FD95CB34B}.Release|Any CPU.Build.0 = Release|Any CPU
		{D6FF0F3B-B04E-A112-8AD7-C6ED30594505}.Debug|Any CPU.ActiveCfg = Debug|Any CPU
		{D6FF0F3B-B04E-A112-8AD7-C6ED30594505}.Debug|Any CPU.Build.0 = Debug|Any CPU
		{D6FF0F3B-B04E-A112-8AD7-C6ED30594505}.Release|Any CPU.ActiveCfg = Release|Any CPU
		{D6FF0F3B-B04E-A112-8AD7-C6ED30594505}.Release|Any CPU.Build.0 = Release|Any CPU
		{1B6465D9-8D35-C877-B8EF-520B69C24DD8}.Debug|Any CPU.ActiveCfg = Debug|Any CPU
		{1B6465D9-8D35-C877-B8EF-520B69C24DD8}.Debug|Any CPU.Build.0 = Debug|Any CPU
		{1B6465D9-8D35-C877-B8EF-520B69C24DD8}.Release|Any CPU.ActiveCfg = Release|Any CPU
		{1B6465D9-8D35-C877-B8EF-520B69C24DD8}.Release|Any CPU.Build.0 = Release|Any CPU
		{E5661670-9CE9-42FE-9074-767930BD12E5}.Debug|Any CPU.ActiveCfg = Debug|Any CPU
		{E5661670-9CE9-42FE-9074-767930BD12E5}.Debug|Any CPU.Build.0 = Debug|Any CPU
		{E5661670-9CE9-42FE-9074-767930BD12E5}.Release|Any CPU.ActiveCfg = Release|Any CPU
		{E5661670-9CE9-42FE-9074-767930BD12E5}.Release|Any CPU.Build.0 = Release|Any CPU
		{E4A5F8E3-8801-6A6D-C0DD-DA49264F2FE1}.Debug|Any CPU.ActiveCfg = Debug|Any CPU
		{E4A5F8E3-8801-6A6D-C0DD-DA49264F2FE1}.Debug|Any CPU.Build.0 = Debug|Any CPU
		{E4A5F8E3-8801-6A6D-C0DD-DA49264F2FE1}.Release|Any CPU.ActiveCfg = Release|Any CPU
		{E4A5F8E3-8801-6A6D-C0DD-DA49264F2FE1}.Release|Any CPU.Build.0 = Release|Any CPU
		{4DB4F607-2E7A-C2A8-EBAA-9EB72C90F87B}.Debug|Any CPU.ActiveCfg = Debug|Any CPU
		{4DB4F607-2E7A-C2A8-EBAA-9EB72C90F87B}.Debug|Any CPU.Build.0 = Debug|Any CPU
		{4DB4F607-2E7A-C2A8-EBAA-9EB72C90F87B}.Release|Any CPU.ActiveCfg = Release|Any CPU
		{4DB4F607-2E7A-C2A8-EBAA-9EB72C90F87B}.Release|Any CPU.Build.0 = Release|Any CPU
		{3C320E29-1991-B1C9-3FE1-2C6D22A6DE91}.Debug|Any CPU.ActiveCfg = Debug|Any CPU
		{3C320E29-1991-B1C9-3FE1-2C6D22A6DE91}.Debug|Any CPU.Build.0 = Debug|Any CPU
		{3C320E29-1991-B1C9-3FE1-2C6D22A6DE91}.Release|Any CPU.ActiveCfg = Release|Any CPU
		{3C320E29-1991-B1C9-3FE1-2C6D22A6DE91}.Release|Any CPU.Build.0 = Release|Any CPU
		{329C1468-ABB1-D722-6809-30C0CA3C01F9}.Debug|Any CPU.ActiveCfg = Debug|Any CPU
		{329C1468-ABB1-D722-6809-30C0CA3C01F9}.Debug|Any CPU.Build.0 = Debug|Any CPU
		{329C1468-ABB1-D722-6809-30C0CA3C01F9}.Release|Any CPU.ActiveCfg = Release|Any CPU
		{329C1468-ABB1-D722-6809-30C0CA3C01F9}.Release|Any CPU.Build.0 = Release|Any CPU
		{194337D9-4195-0D9A-FF94-18243BA82B8A}.Debug|Any CPU.ActiveCfg = Debug|Any CPU
		{194337D9-4195-0D9A-FF94-18243BA82B8A}.Debug|Any CPU.Build.0 = Debug|Any CPU
		{194337D9-4195-0D9A-FF94-18243BA82B8A}.Release|Any CPU.ActiveCfg = Release|Any CPU
		{194337D9-4195-0D9A-FF94-18243BA82B8A}.Release|Any CPU.Build.0 = Release|Any CPU
		{EB0B44FA-5F11-8B2D-3438-10872199B28C}.Debug|Any CPU.ActiveCfg = Debug|Any CPU
		{EB0B44FA-5F11-8B2D-3438-10872199B28C}.Debug|Any CPU.Build.0 = Debug|Any CPU
		{EB0B44FA-5F11-8B2D-3438-10872199B28C}.Release|Any CPU.ActiveCfg = Release|Any CPU
		{EB0B44FA-5F11-8B2D-3438-10872199B28C}.Release|Any CPU.Build.0 = Release|Any CPU
		{51D0B3DD-0DF1-1004-B812-B6F62BB437CD}.Debug|Any CPU.ActiveCfg = Debug|Any CPU
		{51D0B3DD-0DF1-1004-B812-B6F62BB437CD}.Debug|Any CPU.Build.0 = Debug|Any CPU
		{51D0B3DD-0DF1-1004-B812-B6F62BB437CD}.Release|Any CPU.ActiveCfg = Release|Any CPU
		{51D0B3DD-0DF1-1004-B812-B6F62BB437CD}.Release|Any CPU.Build.0 = Release|Any CPU
		{89F5759E-06AC-6312-FA1C-C2FEE81C4B50}.Debug|Any CPU.ActiveCfg = Debug|Any CPU
		{89F5759E-06AC-6312-FA1C-C2FEE81C4B50}.Debug|Any CPU.Build.0 = Debug|Any CPU
		{89F5759E-06AC-6312-FA1C-C2FEE81C4B50}.Release|Any CPU.ActiveCfg = Release|Any CPU
		{89F5759E-06AC-6312-FA1C-C2FEE81C4B50}.Release|Any CPU.Build.0 = Release|Any CPU
		{01F6FB9D-7229-6B86-5636-899050F41B89}.Debug|Any CPU.ActiveCfg = Debug|Any CPU
		{01F6FB9D-7229-6B86-5636-899050F41B89}.Debug|Any CPU.Build.0 = Debug|Any CPU
		{01F6FB9D-7229-6B86-5636-899050F41B89}.Release|Any CPU.ActiveCfg = Release|Any CPU
		{01F6FB9D-7229-6B86-5636-899050F41B89}.Release|Any CPU.Build.0 = Release|Any CPU
	EndGlobalSection
	GlobalSection(SolutionProperties) = preSolution
		HideSolutionNode = FALSE
	EndGlobalSection
EndGlobal
